Microsoft Visual Studio Solution File, Format Version 12.00
# Visual Studio Version 17
VisualStudioVersion = 17.5.2.0
MinimumVisualStudioVersion = 10.0.40219.1
Project("{FAE04EC0-301F-11D3-BF4B-00C04F79EFBC}") = "BnpCashClaudeApp.Application", "BnpCashClaudeApp.Application.csproj", "{DBF98472-C273-F8F1-8E29-A08867139412}"
EndProject
Global
	GlobalSection(SolutionConfigurationPlatforms) = preSolution
		Debug|Any CPU = Debug|Any CPU
		Release|Any CPU = Release|Any CPU
	EndGlobalSection
	GlobalSection(ProjectConfigurationPlatforms) = postSolution
		{DBF98472-C273-F8F1-8E29-A08867139412}.Debug|Any CPU.ActiveCfg = Debug|Any CPU
		{DBF98472-C273-F8F1-8E29-A08867139412}.Debug|Any CPU.Build.0 = Debug|Any CPU
		{DBF98472-C273-F8F1-8E29-A08867139412}.Release|Any CPU.ActiveCfg = Release|Any CPU
		{DBF98472-C273-F8F1-8E29-A08867139412}.Release|Any CPU.Build.0 = Release|Any CPU
	EndGlobalSection
	GlobalSection(SolutionProperties) = preSolution
		HideSolutionNode = FALSE
	EndGlobalSection
	GlobalSection(ExtensibilityGlobals) = postSolution
		SolutionGuid = {D2C2AA13-23FF-4EA3-908B-D2E6D65AE97E}
	EndGlobalSection
EndGlobal
